# This file is automatically @generated by Cargo.
# It is not intended for manual editing.
version = 3

[[package]]
name = "compiler_builtins"
version = "0.1.134"
source = "registry+https://github.com/rust-lang/crates.io-index"
checksum = "2f743e6f7410a78c261505c729f389583de40eec62332cc8cdf2c8b9bf73049a"

[[package]]
name = "custom-os-rust"
version = "0.1.0"
dependencies = [
 "compiler_builtins",
 "rlibc",
]

[[package]]
name = "rlibc"
version = "1.0.0"
source = "registry+https://github.com/rust-lang/crates.io-index"
checksum = "fc874b127765f014d792f16763a81245ab80500e2ad921ed4ee9e82481ee08fe"
